
Microsoft Visual Studio Solution File, Format Version 10.00
# Visual Studio 2008
Project("{FAE04EC0-301F-11D3-BF4B-00C04F79EFBC}") = "SimplSharpStringUtils", "SIMPSharpStringUtils\SimplSharpStringUtils.csproj", "{90E55CF1-F775-4A1E-AD61-903BA4BBAD63}"
EndProject
Global
	GlobalSection(SolutionConfigurationPlatforms) = preSolution
		Debug|Any CPU = Debug|Any CPU
		Release|Any CPU = Release|Any CPU
	EndGlobalSection
	GlobalSection(ProjectConfigurationPlatforms) = postSolution
		{90E55CF1-F775-4A1E-AD61-903BA4BBAD63}.Debug|Any CPU.ActiveCfg = Debug|Any CPU
		{90E55CF1-F775-4A1E-AD61-903BA4BBAD63}.Debug|Any CPU.Build.0 = Debug|Any CPU
		{90E55CF1-F775-4A1E-AD61-903BA4BBAD63}.Release|Any CPU.ActiveCfg = Release|Any CPU
		{90E55CF1-F775-4A1E-AD61-903BA4BBAD63}.Release|Any CPU.Build.0 = Release|Any CPU
	EndGlobalSection
	GlobalSection(SolutionProperties) = preSolution
		HideSolutionNode = FALSE
	EndGlobalSection
EndGlobal
